
Microsoft Visual Studio Solution File, Format Version 12.00
# Visual Studio Version 16
VisualStudioVersion = 16.0.31702.278
MinimumVisualStudioVersion = 10.0.40219.1
Project("{FAE04EC0-301F-11D3-BF4B-00C04F79EFBC}") = "MyCurriculum", "MyCurriculum\MyCurriculum.csproj", "{641419DF-AFA7-4F07-9B3F-9EE37DADF664}"
EndProject
Global
	GlobalSection(SolutionConfigurationPlatforms) = preSolution
		Debug|Any CPU = Debug|Any CPU
		Release|Any CPU = Release|Any CPU
	EndGlobalSection
	GlobalSection(ProjectConfigurationPlatforms) = postSolution
		{641419DF-AFA7-4F07-9B3F-9EE37DADF664}.Debug|Any CPU.ActiveCfg = Debug|Any CPU
		{641419DF-AFA7-4F07-9B3F-9EE37DADF664}.Debug|Any CPU.Build.0 = Debug|Any CPU
		{641419DF-AFA7-4F07-9B3F-9EE37DADF664}.Release|Any CPU.ActiveCfg = Release|Any CPU
		{641419DF-AFA7-4F07-9B3F-9EE37DADF664}.Release|Any CPU.Build.0 = Release|Any CPU
	EndGlobalSection
	GlobalSection(SolutionProperties) = preSolution
		HideSolutionNode = FALSE
	EndGlobalSection
	GlobalSection(ExtensibilityGlobals) = postSolution
		SolutionGuid = {D22082FE-ED1E-43C7-8365-08B37E897B04}
	EndGlobalSection
EndGlobal
